// !$*UTF8*$!
{
	archiveVersion = 1;
	classes = {
	};
	objectVersion = 46;
	objects = {

/* Begin PBXBuildFile section */
		3B2AFA6219A3EF180067784A /* AppDelegate.swift in Sources */ = {isa = PBXBuildFile; fileRef = 3B2AFA6119A3EF180067784A /* AppDelegate.swift */; };
		3B2AFA6419A3EF180067784A /* ViewController.swift in Sources */ = {isa = PBXBuildFile; fileRef = 3B2AFA6319A3EF180067784A /* ViewController.swift */; };
		3B2AFA6719A3EF180067784A /* Main.storyboard in Resources */ = {isa = PBXBuildFile; fileRef = 3B2AFA6519A3EF180067784A /* Main.storyboard */; };
		3B2AFA6919A3EF180067784A /* Images.xcassets in Resources */ = {isa = PBXBuildFile; fileRef = 3B2AFA6819A3EF180067784A /* Images.xcassets */; };
		3B2AFA7519A3EF180067784A /* HelloWorldTests.swift in Sources */ = {isa = PBXBuildFile; fileRef = 3B2AFA7419A3EF180067784A /* HelloWorldTests.swift */; };
/* End PBXBuildFile section */

/* Begin PBXContainerItemProxy section */
		3B2AFA6F19A3EF180067784A /* PBXContainerItemProxy */ = {
			isa = PBXContainerItemProxy;
			containerPortal = 3B2AFA5419A3EF180067784A /* Project object */;
			proxyType = 1;
			remoteGlobalIDString = 3B2AFA5B19A3EF180067784A;
			remoteInfo = HelloWorld;
		};
/* End PBXContainerItemProxy section */

/* Begin PBXFileReference section */
		3B2AFA5C19A3EF180067784A /* HelloWorld.app */ = {isa = PBXFileReference; explicitFileType = wrapper.application; includeInIndex = 0; path = HelloWorld.app; sourceTree = BUILT_PRODUCTS_DIR; };
		3B2AFA6019A3EF180067784A /* Info.plist */ = {isa = PBXFileReference; lastKnownFileType = text.plist.xml; path = Info.plist; sourceTree = "<group>"; };
		3B2AFA6119A3EF180067784A /* AppDelegate.swift */ = {isa = PBXFileReference; lastKnownFileType = sourcecode.swift; path = AppDelegate.swift; sourceTree = "<group>"; };
		3B2AFA6319A3EF180067784A /* ViewController.swift */ = {isa = PBXFileReference; lastKnownFileType = sourcecode.swift; path = ViewController.swift; sourceTree = "<group>"; };
		3B2AFA6619A3EF180067784A /* Base */ = {isa = PBXFileReference; lastKnownFileType = file.storyboard; name = Base; path = Base.lproj/Main.storyboard; sourceTree = "<group>"; };
		3B2AFA6819A3EF180067784A /* Images.xcassets */ = {isa = PBXFileReference; lastKnownFileType = folder.assetcatalog; path = Images.xcassets; sourceTree = "<group>"; };
		3B2AFA6E19A3EF180067784A /* HelloWorldTests.xctest */ = {isa = PBXFileReference; explicitFileType = wrapper.cfbundle; includeInIndex = 0; path = HelloWorldTests.xctest; sourceTree = BUILT_PRODUCTS_DIR; };
		3B2AFA7319A3EF180067784A /* Info.plist */ = {isa = PBXFileReference; lastKnownFileType = text.plist.xml; path = Info.plist; sourceTree = "<group>"; };
		3B2AFA7419A3EF180067784A /* HelloWorldTests.swift */ = {isa = PBXFileReference; lastKnownFileType = sourcecode.swift; path = HelloWorldTests.swift; sourceTree = "<group>"; };
/* End PBXFileReference section */

/* Begin PBXFrameworksBuildPhase section */
		3B2AFA5919A3EF180067784A /* Frameworks */ = {
			isa = PBXFrameworksBuildPhase;
			buildActionMask = 2147483647;
			files = (
			);
			runOnlyForDeploymentPostprocessing = 0;
		};
		3B2AFA6B19A3EF180067784A /* Frameworks */ = {
			isa = PBXFrameworksBuildPhase;
			buildActionMask = 2147483647;
			files = (
			);
			runOnlyForDeploymentPostprocessing = 0;
		};
/* End PBXFrameworksBuildPhase section */

/* Begin PBXGroup section */
		3B2AFA5319A3EF180067784A = {
			isa = PBXGroup;
			children = (
				3B2AFA5E19A3EF180067784A /* HelloWorld */,
				3B2AFA7119A3EF180067784A /* HelloWorldTests */,
				3B2AFA5D19A3EF180067784A /* Products */,
			);
			sourceTree = "<group>";
		};
		3B2AFA5D19A3EF180067784A /* Products */ = {
			isa = PBXGroup;
			children = (
				3B2AFA5C19A3EF180067784A /* HelloWorld.app */,
				3B2AFA6E19A3EF180067784A /* HelloWorldTests.xctest */,
			);
			name = Products;
			sourceTree = "<group>";
		};
		3B2AFA5E19A3EF180067784A /* HelloWorld */ = {
			isa = PBXGroup;
			children = (
				3B2AFA6119A3EF180067784A /* AppDelegate.swift */,
				3B2AFA6319A3EF180067784A /* ViewController.swift */,
				3B2AFA6519A3EF180067784A /* Main.storyboard */,
				3B2AFA6819A3EF180067784A /* Images.xcassets */,
				3B2AFA5F19A3EF180067784A /* Supporting Files */,
			);
			path = HelloWorld;
			sourceTree = "<group>";
		};
		3B2AFA5F19A3EF180067784A /* Supporting Files */ = {
			isa = PBXGroup;
			children = (
				3B2AFA6019A3EF180067784A /* Info.plist */,
			);
			name = "Supporting Files";
			sourceTree = "<group>";
		};
		3B2AFA7119A3EF180067784A /* HelloWorldTests */ = {
			isa = PBXGroup;
			children = (
				3B2AFA7419A3EF180067784A /* HelloWorldTests.swift */,
				3B2AFA7219A3EF180067784A /* Supporting Files */,
			);
			path = HelloWorldTests;
			sourceTree = "<group>";
		};
		3B2AFA7219A3EF180067784A /* Supporting Files */ = {
			isa = PBXGroup;
			children = (
				3B2AFA7319A3EF180067784A /* Info.plist */,
			);
			name = "Supporting Files";
			sourceTree = "<group>";
		};
/* End PBXGroup section */

/* Begin PBXNativeTarget section */
		3B2AFA5B19A3EF180067784A /* HelloWorld */ = {
			isa = PBXNativeTarget;
			buildConfigurationList = 3B2AFA7819A3EF180067784A /* Build configuration list for PBXNativeTarget "HelloWorld" */;
			buildPhases = (
				3B2AFA5819A3EF180067784A /* Sources */,
				3B2AFA5919A3EF180067784A /* Frameworks */,
				3B2AFA5A19A3EF180067784A /* Resources */,
			);
			buildRules = (
			);
			dependencies = (
			);
			name = HelloWorld;
			productName = HelloWorld;
			productReference = 3B2AFA5C19A3EF180067784A /* HelloWorld.app */;
			productType = "com.apple.product-type.application";
		};
		3B2AFA6D19A3EF180067784A /* HelloWorldTests */ = {
			isa = PBXNativeTarget;
			buildConfigurationList = 3B2AFA7B19A3EF180067784A /* Build configuration list for PBXNativeTarget "HelloWorldTests" */;
			buildPhases = (
				3B2AFA6A19A3EF180067784A /* Sources */,
				3B2AFA6B19A3EF180067784A /* Frameworks */,
				3B2AFA6C19A3EF180067784A /* Resources */,
			);
			buildRules = (
			);
			dependencies = (
				3B2AFA7019A3EF180067784A /* PBXTargetDependency */,
			);
			name = HelloWorldTests;
			productName = HelloWorldTests;
			productReference = 3B2AFA6E19A3EF180067784A /* HelloWorldTests.xctest */;
			productType = "com.apple.product-type.bundle.unit-test";
		};
/* End PBXNativeTarget section */

/* Begin PBXProject section */
		3B2AFA5419A3EF180067784A /* Project object */ = {
			isa = PBXProject;
			attributes = {
				LastUpgradeCheck = 0600;
				ORGANIZATIONNAME = "Christopher Sherman";
				TargetAttributes = {
					3B2AFA5B19A3EF180067784A = {
						CreatedOnToolsVersion = 6.0;
					};
					3B2AFA6D19A3EF180067784A = {
						CreatedOnToolsVersion = 6.0;
						TestTargetID = 3B2AFA5B19A3EF180067784A;
					};
				};
			};
			buildConfigurationList = 3B2AFA5719A3EF180067784A /* Build configuration list for PBXProject "HelloWorld" */;
			compatibilityVersion = "Xcode 3.2";
			developmentRegion = English;
			hasScannedForEncodings = 0;
			knownRegions = (
				en,
				Base,
			);
			mainGroup = 3B2AFA5319A3EF180067784A;
			productRefGroup = 3B2AFA5D19A3EF180067784A /* Products */;
			projectDirPath = "";
			projectRoot = "";
			targets = (
				3B2AFA5B19A3EF180067784A /* HelloWorld */,
				3B2AFA6D19A3EF180067784A /* HelloWorldTests */,
			);
		};
/* End PBXProject section */

/* Begin PBXResourcesBuildPhase section */
		3B2AFA5A19A3EF180067784A /* Resources */ = {
			isa = PBXResourcesBuildPhase;
			buildActionMask = 2147483647;
			files = (
				3B2AFA6719A3EF180067784A /* Main.storyboard in Resources */,
				3B2AFA6919A3EF180067784A /* Images.xcassets in Resources */,
			);
			runOnlyForDeploymentPostprocessing = 0;
		};
		3B2AFA6C19A3EF180067784A /* Resources */ = {
			isa = PBXResourcesBuildPhase;
			buildActionMask = 2147483647;
			files = (
			);
			runOnlyForDeploymentPostprocessing = 0;
		};
/* End PBXResourcesBuildPhase section */

/* Begin PBXSourcesBuildPhase section */
		3B2AFA5819A3EF180067784A /* Sources */ = {
			isa = PBXSourcesBuildPhase;
			buildActionMask = 2147483647;
			files = (
				3B2AFA6419A3EF180067784A /* ViewController.swift in Sources */,
				3B2AFA6219A3EF180067784A /* AppDelegate.swift in Sources */,
			);
			runOnlyForDeploymentPostprocessing = 0;
		};
		3B2AFA6A19A3EF180067784A /* Sources */ = {
			isa = PBXSourcesBuildPhase;
			buildActionMask = 2147483647;
			files = (
				3B2AFA7519A3EF180067784A /* HelloWorldTests.swift in Sources */,
			);
			runOnlyForDeploymentPostprocessing = 0;
		};
/* End PBXSourcesBuildPhase section */

/* Begin PBXTargetDependency section */
		3B2AFA7019A3EF180067784A /* PBXTargetDependency */ = {
			isa = PBXTargetDependency;
			target = 3B2AFA5B19A3EF180067784A /* HelloWorld */;
			targetProxy = 3B2AFA6F19A3EF180067784A /* PBXContainerItemProxy */;
		};
/* End PBXTargetDependency section */

/* Begin PBXVariantGroup section */
		3B2AFA6519A3EF180067784A /* Main.storyboard */ = {
			isa = PBXVariantGroup;
			children = (
				3B2AFA6619A3EF180067784A /* Base */,
			);
			name = Main.storyboard;
			sourceTree = "<group>";
		};
/* End PBXVariantGroup section */

/* Begin XCBuildConfiguration section */
		3B2AFA7619A3EF180067784A /* Debug */ = {
			isa = XCBuildConfiguration;
			buildSettings = {
				ALWAYS_SEARCH_USER_PATHS = NO;
				CLANG_CXX_LANGUAGE_STANDARD = "gnu++0x";
				CLANG_CXX_LIBRARY = "libc++";
				CLANG_ENABLE_MODULES = YES;
				CLANG_ENABLE_OBJC_ARC = YES;
				CLANG_WARN_BOOL_CONVERSION = YES;
				CLANG_WARN_CONSTANT_CONVERSION = YES;
				CLANG_WARN_DIRECT_OBJC_ISA_USAGE = YES_ERROR;
				CLANG_WARN_EMPTY_BODY = YES;
				CLANG_WARN_ENUM_CONVERSION = YES;
				CLANG_WARN_INT_CONVERSION = YES;
				CLANG_WARN_OBJC_ROOT_CLASS = YES_ERROR;
				CLANG_WARN_UNREACHABLE_CODE = YES;
				CLANG_WARN__DUPLICATE_METHOD_MATCH = YES;
				"CODE_SIGN_IDENTITY[sdk=iphoneos*]" = "iPhone Developer";
				COPY_PHASE_STRIP = NO;
				ENABLE_STRICT_OBJC_MSGSEND = YES;
				GCC_C_LANGUAGE_STANDARD = gnu99;
				GCC_DYNAMIC_NO_PIC = NO;
				GCC_OPTIMIZATION_LEVEL = 0;
				GCC_PREPROCESSOR_DEFINITIONS = (
					"DEBUG=1",
					"$(inherited)",
				);
				GCC_SYMBOLS_PRIVATE_EXTERN = NO;
				GCC_WARN_64_TO_32_BIT_CONVERSION = YES;
				GCC_WARN_ABOUT_RETURN_TYPE = YES_ERROR;
				GCC_WARN_UNDECLARED_SELECTOR = YES;
				GCC_WARN_UNINITIALIZED_AUTOS = YES_AGGRESSIVE;
				GCC_WARN_UNUSED_FUNCTION = YES;
				GCC_WARN_UNUSED_VARIABLE = YES;
				IPHONEOS_DEPLOYMENT_TARGET = 8.0;
				MTL_ENABLE_DEBUG_INFO = YES;
				ONLY_ACTIVE_ARCH = YES;
				SDKROOT = iphoneos;
				SWIFT_OPTIMIZATION_LEVEL = "-Onone";
			};
			name = Debug;
		};
		3B2AFA7719A3EF180067784A /* Release */ = {
			isa = XCBuildConfiguration;
			buildSettings = {
				ALWAYS_SEARCH_USER_PATHS = NO;
				CLANG_CXX_LANGUAGE_STANDARD = "gnu++0x";
				CLANG_CXX_LIBRARY = "libc++";
				CLANG_ENABLE_MODULES = YES;
				CLANG_ENABLE_OBJC_ARC = YES;
				CLANG_WARN_BOOL_CONVERSION = YES;
				CLANG_WARN_CONSTANT_CONVERSION = YES;
				CLANG_WARN_DIRECT_OBJC_ISA_USAGE = YES_ERROR;
				CLANG_WARN_EMPTY_BODY = YES;
				CLANG_WARN_ENUM_CONVERSION = YES;
				CLANG_WARN_INT_CONVERSION = YES;
				CLANG_WARN_OBJC_ROOT_CLASS = YES_ERROR;
				CLANG_WARN_UNREACHABLE_CODE = YES;
				CLANG_WARN__DUPLICATE_METHOD_MATCH = YES;
				"CODE_SIGN_IDENTITY[sdk=iphoneos*]" = "iPhone Developer";
				COPY_PHASE_STRIP = YES;
				ENABLE_NS_ASSERTIONS = NO;
				ENABLE_STRICT_OBJC_MSGSEND = YES;
				GCC_C_LANGUAGE_STANDARD = gnu99;
				GCC_WARN_64_TO_32_BIT_CONVERSION = YES;
				GCC_WARN_ABOUT_RETURN_TYPE = YES_ERROR;
				GCC_WARN_UNDECLARED_SELECTOR = YES;
				GCC_WARN_UNINITIALIZED_AUTOS = YES_AGGRESSIVE;
				GCC_WARN_UNUSED_FUNCTION = YES;
				GCC_WARN_UNUSED_VARIABLE = YES;
				IPHONEOS_DEPLOYMENT_TARGET = 8.0;
				MTL_ENABLE_DEBUG_INFO = NO;
				SDKROOT = iphoneos;
				VALIDATE_PRODUCT = YES;
			};
			name = Release;
		};
		3B2AFA7919A3EF180067784A /* Debug */ = {
			isa = XCBuildConfiguration;
			buildSettings = {
				ASSETCATALOG_COMPILER_APPICON_NAME = AppIcon;
				ASSETCATALOG_COMPILER_LAUNCHIMAGE_NAME = LaunchImage;
				INFOPLIST_FILE = HelloWorld/Info.plist;
				LD_RUNPATH_SEARCH_PATHS = "$(inherited) @executable_path/Frameworks";
				PRODUCT_NAME = "$(TARGET_NAME)";
			};
			name = Debug;
		};
		3B2AFA7A19A3EF180067784A /* Release */ = {
			isa = XCBuildConfiguration;
			buildSettings = {
				ASSETCATALOG_COMPILER_APPICON_NAME = AppIcon;
				ASSETCATALOG_COMPILER_LAUNCHIMAGE_NAME = LaunchImage;
				INFOPLIST_FILE = HelloWorld/Info.plist;
				LD_RUNPATH_SEARCH_PATHS = "$(inherited) @executable_path/Frameworks";
				PRODUCT_NAME = "$(TARGET_NAME)";
			};
			name = Release;
		};
		3B2AFA7C19A3EF180067784A /* Debug */ = {
			isa = XCBuildConfiguration;
			buildSettings = {
				BUNDLE_LOADER = "$(BUILT_PRODUCTS_DIR)/HelloWorld.app/HelloWorld";
				FRAMEWORK_SEARCH_PATHS = (
					"$(SDKROOT)/Developer/Library/Frameworks",
					"$(inherited)",
				);
				GCC_PREPROCESSOR_DEFINITIONS = (
					"DEBUG=1",
					"$(inherited)",
				);
				INFOPLIST_FILE = HelloWorldTests/Info.plist;
				LD_RUNPATH_SEARCH_PATHS = "$(inherited) @executable_path/Frameworks @loader_path/Frameworks";
				PRODUCT_NAME = "$(TARGET_NAME)";
				TEST_HOST = "$(BUNDLE_LOADER)";
			};
			name = Debug;
		};
		3B2AFA7D19A3EF180067784A /* Release */ = {
			isa = XCBuildConfiguration;
			buildSettings = {
				BUNDLE_LOADER = "$(BUILT_PRODUCTS_DIR)/HelloWorld.app/HelloWorld";
				FRAMEWORK_SEARCH_PATHS = (
					"$(SDKROOT)/Developer/Library/Frameworks",
					"$(inherited)",
				);
				INFOPLIST_FILE = HelloWorldTests/Info.plist;
				LD_RUNPATH_SEARCH_PATHS = "$(inherited) @executable_path/Frameworks @loader_path/Frameworks";
				PRODUCT_NAME = "$(TARGET_NAME)";
				TEST_HOST = "$(BUNDLE_LOADER)";
			};
			name = Release;
		};
/* End XCBuildConfiguration section */

/* Begin XCConfigurationList section */
		3B2AFA5719A3EF180067784A /* Build configuration list for PBXProject "HelloWorld" */ = {
			isa = XCConfigurationList;
			buildConfigurations = (
				3B2AFA7619A3EF180067784A /* Debug */,
				3B2AFA7719A3EF180067784A /* Release */,
			);
			defaultConfigurationIsVisible = 0;
			defaultConfigurationName = Release;
		};
		3B2AFA7819A3EF180067784A /* Build configuration list for PBXNativeTarget "HelloWorld" */ = {
			isa = XCConfigurationList;
			buildConfigurations = (
				3B2AFA7919A3EF180067784A /* Debug */,
				3B2AFA7A19A3EF180067784A /* Release */,
			);
			defaultConfigurationIsVisible = 0;
		};
		3B2AFA7B19A3EF180067784A /* Build configuration list for PBXNativeTarget "HelloWorldTests" */ = {
			isa = XCConfigurationList;
			buildConfigurations = (
				3B2AFA7C19A3EF180067784A /* Debug */,
				3B2AFA7D19A3EF180067784A /* Release */,
			);
			defaultConfigurationIsVisible = 0;
		};
/* End XCConfigurationList section */
	};
	rootObject = 3B2AFA5419A3EF180067784A /* Project object */;
}
